// !$*UTF8*$!
{
	archiveVersion = 1;
	classes = {
	};
	objectVersion = 50;
	objects = {

/* Begin PBXBuildFile section */
		640E8B602153F3550081078C /* AppDelegate.swift in Sources */ = {isa = PBXBuildFile; fileRef = 640E8B5F2153F3550081078C /* AppDelegate.swift */; };
		640E8B622153F3550081078C /* ViewController.swift in Sources */ = {isa = PBXBuildFile; fileRef = 640E8B612153F3550081078C /* ViewController.swift */; };
		640E8B652153F3550081078C /* Main.storyboard in Resources */ = {isa = PBXBuildFile; fileRef = 640E8B632153F3550081078C /* Main.storyboard */; };
		640E8B672153F3560081078C /* Assets.xcassets in Resources */ = {isa = PBXBuildFile; fileRef = 640E8B662153F3560081078C /* Assets.xcassets */; };
		640E8B6A2153F3560081078C /* LaunchScreen.storyboard in Resources */ = {isa = PBXBuildFile; fileRef = 640E8B682153F3560081078C /* LaunchScreen.storyboard */; };
		640E8B722153F9050081078C /* settingsScreen.swift in Sources */ = {isa = PBXBuildFile; fileRef = 640E8B712153F9050081078C /* settingsScreen.swift */; };
		640E8B742153FA080081078C /* selectSongScreen.swift in Sources */ = {isa = PBXBuildFile; fileRef = 640E8B732153FA080081078C /* selectSongScreen.swift */; };
		640E8B7A2153FCA90081078C /* Micheal Bublè - Moondance.mp3 in Resources */ = {isa = PBXBuildFile; fileRef = 640E8B762153FCA90081078C /* Micheal Bublè - Moondance.mp3 */; };
		640E8B7B2153FCA90081078C /* Travis Scott - Butterfly Effect.mp3 in Resources */ = {isa = PBXBuildFile; fileRef = 640E8B772153FCA90081078C /* Travis Scott - Butterfly Effect.mp3 */; };
		640E8B7C2153FCA90081078C /* Lil Uzi Vert - XO Tour Llif3.mp3 in Resources */ = {isa = PBXBuildFile; fileRef = 640E8B782153FCA90081078C /* Lil Uzi Vert - XO Tour Llif3.mp3 */; };
		640E8B7D2153FCA90081078C /* Charlie Charles - Bimbi ft. Izi, Rkomi, Sfera Ebbasta, Tedua, Ghali.mp3 in Resources */ = {isa = PBXBuildFile; fileRef = 640E8B792153FCA90081078C /* Charlie Charles - Bimbi ft. Izi, Rkomi, Sfera Ebbasta, Tedua, Ghali.mp3 */; };
/* End PBXBuildFile section */

/* Begin PBXFileReference section */
		640E8B5C2153F3550081078C /* App-iOS.app */ = {isa = PBXFileReference; explicitFileType = wrapper.application; includeInIndex = 0; path = "App-iOS.app"; sourceTree = BUILT_PRODUCTS_DIR; };
		640E8B5F2153F3550081078C /* AppDelegate.swift */ = {isa = PBXFileReference; lastKnownFileType = sourcecode.swift; path = AppDelegate.swift; sourceTree = "<group>"; };
		640E8B612153F3550081078C /* ViewController.swift */ = {isa = PBXFileReference; lastKnownFileType = sourcecode.swift; path = ViewController.swift; sourceTree = "<group>"; };
		640E8B642153F3550081078C /* Base */ = {isa = PBXFileReference; lastKnownFileType = file.storyboard; name = Base; path = Base.lproj/Main.storyboard; sourceTree = "<group>"; };
		640E8B662153F3560081078C /* Assets.xcassets */ = {isa = PBXFileReference; lastKnownFileType = folder.assetcatalog; path = Assets.xcassets; sourceTree = "<group>"; };
		640E8B692153F3560081078C /* Base */ = {isa = PBXFileReference; lastKnownFileType = file.storyboard; name = Base; path = Base.lproj/LaunchScreen.storyboard; sourceTree = "<group>"; };
		640E8B6B2153F3560081078C /* Info.plist */ = {isa = PBXFileReference; lastKnownFileType = text.plist.xml; path = Info.plist; sourceTree = "<group>"; };
		640E8B712153F9050081078C /* settingsScreen.swift */ = {isa = PBXFileReference; lastKnownFileType = sourcecode.swift; path = settingsScreen.swift; sourceTree = "<group>"; };
		640E8B732153FA080081078C /* selectSongScreen.swift */ = {isa = PBXFileReference; lastKnownFileType = sourcecode.swift; path = selectSongScreen.swift; sourceTree = "<group>"; };
		640E8B762153FCA90081078C /* Micheal Bublè - Moondance.mp3 */ = {isa = PBXFileReference; lastKnownFileType = audio.mp3; path = "Micheal Bublè - Moondance.mp3"; sourceTree = "<group>"; };
		640E8B772153FCA90081078C /* Travis Scott - Butterfly Effect.mp3 */ = {isa = PBXFileReference; lastKnownFileType = audio.mp3; path = "Travis Scott - Butterfly Effect.mp3"; sourceTree = "<group>"; };
		640E8B782153FCA90081078C /* Lil Uzi Vert - XO Tour Llif3.mp3 */ = {isa = PBXFileReference; lastKnownFileType = audio.mp3; path = "Lil Uzi Vert - XO Tour Llif3.mp3"; sourceTree = "<group>"; };
		640E8B792153FCA90081078C /* Charlie Charles - Bimbi ft. Izi, Rkomi, Sfera Ebbasta, Tedua, Ghali.mp3 */ = {isa = PBXFileReference; lastKnownFileType = audio.mp3; path = "Charlie Charles - Bimbi ft. Izi, Rkomi, Sfera Ebbasta, Tedua, Ghali.mp3"; sourceTree = "<group>"; };
/* End PBXFileReference section */

/* Begin PBXFrameworksBuildPhase section */
		640E8B592153F3550081078C /* Frameworks */ = {
			isa = PBXFrameworksBuildPhase;
			buildActionMask = 2147483647;
			files = (
			);
			runOnlyForDeploymentPostprocessing = 0;
		};
/* End PBXFrameworksBuildPhase section */

/* Begin PBXGroup section */
		640E8B532153F3550081078C = {
			isa = PBXGroup;
			children = (
				640E8B5E2153F3550081078C /* App-iOS */,
				640E8B5D2153F3550081078C /* Products */,
			);
			sourceTree = "<group>";
		};
		640E8B5D2153F3550081078C /* Products */ = {
			isa = PBXGroup;
			children = (
				640E8B5C2153F3550081078C /* App-iOS.app */,
			);
			name = Products;
			sourceTree = "<group>";
		};
		640E8B5E2153F3550081078C /* App-iOS */ = {
			isa = PBXGroup;
			children = (
				640E8B5F2153F3550081078C /* AppDelegate.swift */,
				640E8B612153F3550081078C /* ViewController.swift */,
				640E8B632153F3550081078C /* Main.storyboard */,
				640E8B732153FA080081078C /* selectSongScreen.swift */,
				640E8B712153F9050081078C /* settingsScreen.swift */,
				640E8B662153F3560081078C /* Assets.xcassets */,
				640E8B682153F3560081078C /* LaunchScreen.storyboard */,
				640E8B6B2153F3560081078C /* Info.plist */,
				640E8B752153FCA90081078C /* Songs */,
			);
			path = "App-iOS";
			sourceTree = "<group>";
		};
		640E8B752153FCA90081078C /* Songs */ = {
			isa = PBXGroup;
			children = (
				640E8B762153FCA90081078C /* Micheal Bublè - Moondance.mp3 */,
				640E8B772153FCA90081078C /* Travis Scott - Butterfly Effect.mp3 */,
				640E8B782153FCA90081078C /* Lil Uzi Vert - XO Tour Llif3.mp3 */,
				640E8B792153FCA90081078C /* Charlie Charles - Bimbi ft. Izi, Rkomi, Sfera Ebbasta, Tedua, Ghali.mp3 */,
			);
			name = Songs;
			path = ../../../Songs;
			sourceTree = "<group>";
		};
/* End PBXGroup section */

/* Begin PBXNativeTarget section */
		640E8B5B2153F3550081078C /* App-iOS */ = {
			isa = PBXNativeTarget;
			buildConfigurationList = 640E8B6E2153F3560081078C /* Build configuration list for PBXNativeTarget "App-iOS" */;
			buildPhases = (
				640E8B582153F3550081078C /* Sources */,
				640E8B592153F3550081078C /* Frameworks */,
				640E8B5A2153F3550081078C /* Resources */,
			);
			buildRules = (
			);
			dependencies = (
			);
			name = "App-iOS";
			productName = "App-iOS";
			productReference = 640E8B5C2153F3550081078C /* App-iOS.app */;
			productType = "com.apple.product-type.application";
		};
/* End PBXNativeTarget section */

/* Begin PBXProject section */
		640E8B542153F3550081078C /* Project object */ = {
			isa = PBXProject;
			attributes = {
				LastSwiftUpdateCheck = 0940;
				LastUpgradeCheck = 0940;
				ORGANIZATIONNAME = musicaecoding;
				TargetAttributes = {
					640E8B5B2153F3550081078C = {
						CreatedOnToolsVersion = 9.4.1;
					};
				};
			};
			buildConfigurationList = 640E8B572153F3550081078C /* Build configuration list for PBXProject "App-iOS" */;
			compatibilityVersion = "Xcode 9.3";
			developmentRegion = en;
			hasScannedForEncodings = 0;
			knownRegions = (
				en,
				Base,
			);
			mainGroup = 640E8B532153F3550081078C;
			productRefGroup = 640E8B5D2153F3550081078C /* Products */;
			projectDirPath = "";
			projectRoot = "";
			targets = (
				640E8B5B2153F3550081078C /* App-iOS */,
			);
		};
/* End PBXProject section */

/* Begin PBXResourcesBuildPhase section */
		640E8B5A2153F3550081078C /* Resources */ = {
			isa = PBXResourcesBuildPhase;
			buildActionMask = 2147483647;
			files = (
				640E8B6A2153F3560081078C /* LaunchScreen.storyboard in Resources */,
				640E8B672153F3560081078C /* Assets.xcassets in Resources */,
				640E8B7A2153FCA90081078C /* Micheal Bublè - Moondance.mp3 in Resources */,
				640E8B7B2153FCA90081078C /* Travis Scott - Butterfly Effect.mp3 in Resources */,
				640E8B7C2153FCA90081078C /* Lil Uzi Vert - XO Tour Llif3.mp3 in Resources */,
				640E8B652153F3550081078C /* Main.storyboard in Resources */,
				640E8B7D2153FCA90081078C /* Charlie Charles - Bimbi ft. Izi, Rkomi, Sfera Ebbasta, Tedua, Ghali.mp3 in Resources */,
			);
			runOnlyForDeploymentPostprocessing = 0;
		};
/* End PBXResourcesBuildPhase section */

/* Begin PBXSourcesBuildPhase section */
		640E8B582153F3550081078C /* Sources */ = {
			isa = PBXSourcesBuildPhase;
			buildActionMask = 2147483647;
			files = (
				640E8B742153FA080081078C /* selectSongScreen.swift in Sources */,
				640E8B722153F9050081078C /* settingsScreen.swift in Sources */,
				640E8B622153F3550081078C /* ViewController.swift in Sources */,
				640E8B602153F3550081078C /* AppDelegate.swift in Sources */,
			);
			runOnlyForDeploymentPostprocessing = 0;
		};
/* End PBXSourcesBuildPhase section */

/* Begin PBXVariantGroup section */
		640E8B632153F3550081078C /* Main.storyboard */ = {
			isa = PBXVariantGroup;
			children = (
				640E8B642153F3550081078C /* Base */,
			);
			name = Main.storyboard;
			sourceTree = "<group>";
		};
		640E8B682153F3560081078C /* LaunchScreen.storyboard */ = {
			isa = PBXVariantGroup;
			children = (
				640E8B692153F3560081078C /* Base */,
			);
			name = LaunchScreen.storyboard;
			sourceTree = "<group>";
		};
/* End PBXVariantGroup section */

/* Begin XCBuildConfiguration section */
		640E8B6C2153F3560081078C /* Debug */ = {
			isa = XCBuildConfiguration;
			buildSettings = {
				ALWAYS_SEARCH_USER_PATHS = NO;
				CLANG_ANALYZER_NONNULL = YES;
				CLANG_ANALYZER_NUMBER_OBJECT_CONVERSION = YES_AGGRESSIVE;
				CLANG_CXX_LANGUAGE_STANDARD = "gnu++14";
				CLANG_CXX_LIBRARY = "libc++";
				CLANG_ENABLE_MODULES = YES;
				CLANG_ENABLE_OBJC_ARC = YES;
				CLANG_ENABLE_OBJC_WEAK = YES;
				CLANG_WARN_BLOCK_CAPTURE_AUTORELEASING = YES;
				CLANG_WARN_BOOL_CONVERSION = YES;
				CLANG_WARN_COMMA = YES;
				CLANG_WARN_CONSTANT_CONVERSION = YES;
				CLANG_WARN_DEPRECATED_OBJC_IMPLEMENTATIONS = YES;
				CLANG_WARN_DIRECT_OBJC_ISA_USAGE = YES_ERROR;
				CLANG_WARN_DOCUMENTATION_COMMENTS = YES;
				CLANG_WARN_EMPTY_BODY = YES;
				CLANG_WARN_ENUM_CONVERSION = YES;
				CLANG_WARN_INFINITE_RECURSION = YES;
				CLANG_WARN_INT_CONVERSION = YES;
				CLANG_WARN_NON_LITERAL_NULL_CONVERSION = YES;
				CLANG_WARN_OBJC_IMPLICIT_RETAIN_SELF = YES;
				CLANG_WARN_OBJC_LITERAL_CONVERSION = YES;
				CLANG_WARN_OBJC_ROOT_CLASS = YES_ERROR;
				CLANG_WARN_RANGE_LOOP_ANALYSIS = YES;
				CLANG_WARN_STRICT_PROTOTYPES = YES;
				CLANG_WARN_SUSPICIOUS_MOVE = YES;
				CLANG_WARN_UNGUARDED_AVAILABILITY = YES_AGGRESSIVE;
				CLANG_WARN_UNREACHABLE_CODE = YES;
				CLANG_WARN__DUPLICATE_METHOD_MATCH = YES;
				CODE_SIGN_IDENTITY = "iPhone Developer";
				COPY_PHASE_STRIP = NO;
				DEBUG_INFORMATION_FORMAT = dwarf;
				ENABLE_STRICT_OBJC_MSGSEND = YES;
				ENABLE_TESTABILITY = YES;
				GCC_C_LANGUAGE_STANDARD = gnu11;
				GCC_DYNAMIC_NO_PIC = NO;
				GCC_NO_COMMON_BLOCKS = YES;
				GCC_OPTIMIZATION_LEVEL = 0;
				GCC_PREPROCESSOR_DEFINITIONS = (
					"DEBUG=1",
					"$(inherited)",
				);
				GCC_WARN_64_TO_32_BIT_CONVERSION = YES;
				GCC_WARN_ABOUT_RETURN_TYPE = YES_ERROR;
				GCC_WARN_UNDECLARED_SELECTOR = YES;
				GCC_WARN_UNINITIALIZED_AUTOS = YES_AGGRESSIVE;
				GCC_WARN_UNUSED_FUNCTION = YES;
				GCC_WARN_UNUSED_VARIABLE = YES;
				IPHONEOS_DEPLOYMENT_TARGET = 11.4;
				MTL_ENABLE_DEBUG_INFO = YES;
				ONLY_ACTIVE_ARCH = YES;
				SDKROOT = iphoneos;
				SWIFT_ACTIVE_COMPILATION_CONDITIONS = DEBUG;
				SWIFT_OPTIMIZATION_LEVEL = "-Onone";
			};
			name = Debug;
		};
		640E8B6D2153F3560081078C /* Release */ = {
			isa = XCBuildConfiguration;
			buildSettings = {
				ALWAYS_SEARCH_USER_PATHS = NO;
				CLANG_ANALYZER_NONNULL = YES;
				CLANG_ANALYZER_NUMBER_OBJECT_CONVERSION = YES_AGGRESSIVE;
				CLANG_CXX_LANGUAGE_STANDARD = "gnu++14";
				CLANG_CXX_LIBRARY = "libc++";
				CLANG_ENABLE_MODULES = YES;
				CLANG_ENABLE_OBJC_ARC = YES;
				CLANG_ENABLE_OBJC_WEAK = YES;
				CLANG_WARN_BLOCK_CAPTURE_AUTORELEASING = YES;
				CLANG_WARN_BOOL_CONVERSION = YES;
				CLANG_WARN_COMMA = YES;
				CLANG_WARN_CONSTANT_CONVERSION = YES;
				CLANG_WARN_DEPRECATED_OBJC_IMPLEMENTATIONS = YES;
				CLANG_WARN_DIRECT_OBJC_ISA_USAGE = YES_ERROR;
				CLANG_WARN_DOCUMENTATION_COMMENTS = YES;
				CLANG_WARN_EMPTY_BODY = YES;
				CLANG_WARN_ENUM_CONVERSION = YES;
				CLANG_WARN_INFINITE_RECURSION = YES;
				CLANG_WARN_INT_CONVERSION = YES;
				CLANG_WARN_NON_LITERAL_NULL_CONVERSION = YES;
				CLANG_WARN_OBJC_IMPLICIT_RETAIN_SELF = YES;
				CLANG_WARN_OBJC_LITERAL_CONVERSION = YES;
				CLANG_WARN_OBJC_ROOT_CLASS = YES_ERROR;
				CLANG_WARN_RANGE_LOOP_ANALYSIS = YES;
				CLANG_WARN_STRICT_PROTOTYPES = YES;
				CLANG_WARN_SUSPICIOUS_MOVE = YES;
				CLANG_WARN_UNGUARDED_AVAILABILITY = YES_AGGRESSIVE;
				CLANG_WARN_UNREACHABLE_CODE = YES;
				CLANG_WARN__DUPLICATE_METHOD_MATCH = YES;
				CODE_SIGN_IDENTITY = "iPhone Developer";
				COPY_PHASE_STRIP = NO;
				DEBUG_INFORMATION_FORMAT = "dwarf-with-dsym";
				ENABLE_NS_ASSERTIONS = NO;
				ENABLE_STRICT_OBJC_MSGSEND = YES;
				GCC_C_LANGUAGE_STANDARD = gnu11;
				GCC_NO_COMMON_BLOCKS = YES;
				GCC_WARN_64_TO_32_BIT_CONVERSION = YES;
				GCC_WARN_ABOUT_RETURN_TYPE = YES_ERROR;
				GCC_WARN_UNDECLARED_SELECTOR = YES;
				GCC_WARN_UNINITIALIZED_AUTOS = YES_AGGRESSIVE;
				GCC_WARN_UNUSED_FUNCTION = YES;
				GCC_WARN_UNUSED_VARIABLE = YES;
				IPHONEOS_DEPLOYMENT_TARGET = 11.4;
				MTL_ENABLE_DEBUG_INFO = NO;
				SDKROOT = iphoneos;
				SWIFT_COMPILATION_MODE = wholemodule;
				SWIFT_OPTIMIZATION_LEVEL = "-O";
				VALIDATE_PRODUCT = YES;
			};
			name = Release;
		};
		640E8B6F2153F3560081078C /* Debug */ = {
			isa = XCBuildConfiguration;
			buildSettings = {
				ASSETCATALOG_COMPILER_APPICON_NAME = AppIcon;
				CODE_SIGN_STYLE = Automatic;
				DEVELOPMENT_TEAM = 93JF9LS6ZY;
				INFOPLIST_FILE = "App-iOS/Info.plist";
				LD_RUNPATH_SEARCH_PATHS = (
					"$(inherited)",
					"@executable_path/Frameworks",
				);
				PRODUCT_BUNDLE_IDENTIFIER = "musicaecoding.App-iOS";
				PRODUCT_NAME = "$(TARGET_NAME)";
				SWIFT_VERSION = 4.0;
				TARGETED_DEVICE_FAMILY = "1,2";
			};
			name = Debug;
		};
		640E8B702153F3560081078C /* Release */ = {
			isa = XCBuildConfiguration;
			buildSettings = {
				ASSETCATALOG_COMPILER_APPICON_NAME = AppIcon;
				CODE_SIGN_STYLE = Automatic;
				DEVELOPMENT_TEAM = 93JF9LS6ZY;
				INFOPLIST_FILE = "App-iOS/Info.plist";
				LD_RUNPATH_SEARCH_PATHS = (
					"$(inherited)",
					"@executable_path/Frameworks",
				);
				PRODUCT_BUNDLE_IDENTIFIER = "musicaecoding.App-iOS";
				PRODUCT_NAME = "$(TARGET_NAME)";
				SWIFT_VERSION = 4.0;
				TARGETED_DEVICE_FAMILY = "1,2";
			};
			name = Release;
		};
/* End XCBuildConfiguration section */

/* Begin XCConfigurationList section */
		640E8B572153F3550081078C /* Build configuration list for PBXProject "App-iOS" */ = {
			isa = XCConfigurationList;
			buildConfigurations = (
				640E8B6C2153F3560081078C /* Debug */,
				640E8B6D2153F3560081078C /* Release */,
			);
			defaultConfigurationIsVisible = 0;
			defaultConfigurationName = Release;
		};
		640E8B6E2153F3560081078C /* Build configuration list for PBXNativeTarget "App-iOS" */ = {
			isa = XCConfigurationList;
			buildConfigurations = (
				640E8B6F2153F3560081078C /* Debug */,
				640E8B702153F3560081078C /* Release */,
			);
			defaultConfigurationIsVisible = 0;
			defaultConfigurationName = Release;
		};
/* End XCConfigurationList section */
	};
	rootObject = 640E8B542153F3550081078C /* Project object */;
}
